
Microsoft Visual Studio Solution File, Format Version 12.00
# Visual Studio Version 17
VisualStudioVersion = 17.3.32804.467
MinimumVisualStudioVersion = 10.0.40219.1
Project("{9A19103F-16F7-4668-BE54-9A1E7A4F7556}") = "server", "server\server.csproj", "{6A0BFFE4-9B84-4288-9408-7F4D5B920DEF}"
EndProject
Project("{9A19103F-16F7-4668-BE54-9A1E7A4F7556}") = "common", "common\common.csproj", "{E718D4E5-6F2A-4AFD-96E9-B92803092C18}"
EndProject
Project("{FAE04EC0-301F-11D3-BF4B-00C04F79EFBC}") = "client", "client\client.csproj", "{3331A215-72DA-43E4-AEC5-A590473E90A2}"
EndProject
Project("{2150E333-8FDC-42A3-9474-1A3956D46DE8}") = "clientPart", "clientPart", "{C3B3048A-990C-490A-B668-F80F08D38D9A}"
EndProject
Project("{FAE04EC0-301F-11D3-BF4B-00C04F79EFBC}") = "clientUi", "clientUi\clientUi.csproj", "{86646D78-8F80-4377-9954-5C7E06D8A1FE}"
EndProject
Global
	GlobalSection(SolutionConfigurationPlatforms) = preSolution
		Debug|Any CPU = Debug|Any CPU
		Release|Any CPU = Release|Any CPU
	EndGlobalSection
	GlobalSection(ProjectConfigurationPlatforms) = postSolution
		{6A0BFFE4-9B84-4288-9408-7F4D5B920DEF}.Debug|Any CPU.ActiveCfg = Debug|Any CPU
		{6A0BFFE4-9B84-4288-9408-7F4D5B920DEF}.Debug|Any CPU.Build.0 = Debug|Any CPU
		{6A0BFFE4-9B84-4288-9408-7F4D5B920DEF}.Release|Any CPU.ActiveCfg = Release|Any CPU
		{6A0BFFE4-9B84-4288-9408-7F4D5B920DEF}.Release|Any CPU.Build.0 = Release|Any CPU
		{E718D4E5-6F2A-4AFD-96E9-B92803092C18}.Debug|Any CPU.ActiveCfg = Debug|Any CPU
		{E718D4E5-6F2A-4AFD-96E9-B92803092C18}.Debug|Any CPU.Build.0 = Debug|Any CPU
		{E718D4E5-6F2A-4AFD-96E9-B92803092C18}.Release|Any CPU.ActiveCfg = Release|Any CPU
		{E718D4E5-6F2A-4AFD-96E9-B92803092C18}.Release|Any CPU.Build.0 = Release|Any CPU
		{3331A215-72DA-43E4-AEC5-A590473E90A2}.Debug|Any CPU.ActiveCfg = Debug|Any CPU
		{3331A215-72DA-43E4-AEC5-A590473E90A2}.Debug|Any CPU.Build.0 = Debug|Any CPU
		{3331A215-72DA-43E4-AEC5-A590473E90A2}.Release|Any CPU.ActiveCfg = Release|Any CPU
		{3331A215-72DA-43E4-AEC5-A590473E90A2}.Release|Any CPU.Build.0 = Release|Any CPU
		{86646D78-8F80-4377-9954-5C7E06D8A1FE}.Debug|Any CPU.ActiveCfg = Debug|Any CPU
		{86646D78-8F80-4377-9954-5C7E06D8A1FE}.Debug|Any CPU.Build.0 = Debug|Any CPU
		{86646D78-8F80-4377-9954-5C7E06D8A1FE}.Release|Any CPU.ActiveCfg = Release|Any CPU
		{86646D78-8F80-4377-9954-5C7E06D8A1FE}.Release|Any CPU.Build.0 = Release|Any CPU
	EndGlobalSection
	GlobalSection(SolutionProperties) = preSolution
		HideSolutionNode = FALSE
	EndGlobalSection
	GlobalSection(NestedProjects) = preSolution
		{3331A215-72DA-43E4-AEC5-A590473E90A2} = {C3B3048A-990C-490A-B668-F80F08D38D9A}
		{86646D78-8F80-4377-9954-5C7E06D8A1FE} = {C3B3048A-990C-490A-B668-F80F08D38D9A}
	EndGlobalSection
	GlobalSection(ExtensibilityGlobals) = postSolution
		SolutionGuid = {3EB7D08F-76FF-455B-9D41-D460C099A8B7}
	EndGlobalSection
EndGlobal
